
Microsoft Visual Studio Solution File, Format Version 12.00
# Visual Studio Version 17
VisualStudioVersion = 17.13.35825.156
MinimumVisualStudioVersion = 10.0.40219.1
Project("{FAE04EC0-301F-11D3-BF4B-00C04F79EFBC}") = "Calculator", "WinFormsApp5\Calculator.csproj", "{5EDC3D0E-158F-407B-971B-3C8D83A4A2FA}"
EndProject
Global
	GlobalSection(SolutionConfigurationPlatforms) = preSolution
		Debug|Any CPU = Debug|Any CPU
		Release|Any CPU = Release|Any CPU
	EndGlobalSection
	GlobalSection(ProjectConfigurationPlatforms) = postSolution
		{5EDC3D0E-158F-407B-971B-3C8D83A4A2FA}.Debug|Any CPU.ActiveCfg = Debug|Any CPU
		{5EDC3D0E-158F-407B-971B-3C8D83A4A2FA}.Debug|Any CPU.Build.0 = Debug|Any CPU
		{5EDC3D0E-158F-407B-971B-3C8D83A4A2FA}.Release|Any CPU.ActiveCfg = Release|Any CPU
		{5EDC3D0E-158F-407B-971B-3C8D83A4A2FA}.Release|Any CPU.Build.0 = Release|Any CPU
	EndGlobalSection
	GlobalSection(SolutionProperties) = preSolution
		HideSolutionNode = FALSE
	EndGlobalSection
	GlobalSection(ExtensibilityGlobals) = postSolution
		SolutionGuid = {683AAC93-2776-4616-BD91-B978845D0DD5}
	EndGlobalSection
EndGlobal
